{
  "version": 4,
  "terraform_version": "1.0.7",
  "serial": 14,
  "lineage": "c1075c5c-7785-0372-c46e-d47d9e3e6f67",
  "outputs": {},
  "resources": [
    {
      "module": "module.s3-backend",
      "mode": "managed",
      "type": "aws_iam_policy",
      "name": "replication",
      "provider": "module.s3-backend.provider[\"registry.terraform.io/hashicorp/aws\"].destination-region",
      "instances": [
        {
          "schema_version": 0,
          "attributes": {
            "arn": "arn:aws:iam::494597675232:policy/dev-springboot-katya-s3-replication-policy",
            "description": "",
            "id": "arn:aws:iam::494597675232:policy/dev-springboot-katya-s3-replication-policy",
            "name": "dev-springboot-katya-s3-replication-policy",
            "name_prefix": "",
            "path": "/",
            "policy": "{\"Statement\":[{\"Action\":[\"s3:GetReplicationConfiguration\",\"s3:ListBucket\"],\"Effect\":\"Allow\",\"Resource\":[\"arn:aws:s3:::dev-springboot-katya-tf-state\"]},{\"Action\":[\"s3:GetObjectVersion\",\"s3:GetObjectVersionAcl\"],\"Effect\":\"Allow\",\"Resource\":[\"arn:aws:s3:::dev-springboot-katya-tf-state/*\"]},{\"Action\":[\"s3:ReplicateObject\"],\"Effect\":\"Allow\",\"Resource\":\"arn:aws:s3:::dev-springboot-katya-tf-backup/*\"}],\"Version\":\"2012-10-17\"}",
            "policy_id": "ANPAXGKCRTDQEVJ77IZU5",
            "tags": null,
            "tags_all": {}
          },
          "sensitive_attributes": [],
          "private": "bnVsbA==",
          "dependencies": [
            "module.s3-backend.aws_s3_bucket.tf-backup",
            "module.s3-backend.aws_s3_bucket.tf-state"
          ]
        }
      ]
    },
    {
      "module": "module.s3-backend",
      "mode": "managed",
      "type": "aws_iam_policy_attachment",
      "name": "replication",
      "provider": "module.s3-backend.provider[\"registry.terraform.io/hashicorp/aws\"].destination-region",
      "instances": [
        {
          "schema_version": 0,
          "attributes": {
            "groups": null,
            "id": "dev-springboot-katya-s3-replication-policy-attachment",
            "name": "dev-springboot-katya-s3-replication-policy-attachment",
            "policy_arn": "arn:aws:iam::494597675232:policy/dev-springboot-katya-s3-replication-policy",
            "roles": [
              "dev-springboot-katya-s3-replication-role"
            ],
            "users": null
          },
          "sensitive_attributes": [],
          "private": "bnVsbA==",
          "dependencies": [
            "module.s3-backend.aws_iam_policy.replication",
            "module.s3-backend.aws_iam_role.replication",
            "module.s3-backend.aws_s3_bucket.tf-backup",
            "module.s3-backend.aws_s3_bucket.tf-state"
          ]
        }
      ]
    },
    {
      "module": "module.s3-backend",
      "mode": "managed",
      "type": "aws_iam_role",
      "name": "replication",
      "provider": "module.s3-backend.provider[\"registry.terraform.io/hashicorp/aws\"].source-region",
      "instances": [
        {
          "schema_version": 0,
          "attributes": {
            "arn": "arn:aws:iam::494597675232:role/dev-springboot-katya-s3-replication-role",
            "assume_role_policy": "{\"Statement\":[{\"Action\":\"sts:AssumeRole\",\"Effect\":\"Allow\",\"Principal\":{\"Service\":\"s3.amazonaws.com\"},\"Sid\":\"\"}],\"Version\":\"2012-10-17\"}",
            "create_date": "2024-11-16T02:31:44Z",
            "description": "",
            "force_detach_policies": false,
            "id": "dev-springboot-katya-s3-replication-role",
            "inline_policy": [],
            "managed_policy_arns": [],
            "max_session_duration": 3600,
            "name": "dev-springboot-katya-s3-replication-role",
            "name_prefix": "",
            "path": "/",
            "permissions_boundary": null,
            "role_last_used": [
              {
                "last_used_date": "",
                "region": ""
              }
            ],
            "tags": {
              "cloud_provider": "aws",
              "company": "EKS",
              "create_by": "Terraform",
              "environment": "dev",
              "id": "2008",
              "owner": "katya",
              "project": "springboot"
            },
            "tags_all": {
              "cloud_provider": "aws",
              "company": "EKS",
              "create_by": "Terraform",
              "environment": "dev",
              "id": "2008",
              "owner": "katya",
              "project": "springboot"
            },
            "unique_id": "AROAXGKCRTDQMDKO6OQSG"
          },
          "sensitive_attributes": [],
          "private": "bnVsbA=="
        }
      ]
    },
    {
      "module": "module.s3-backend",
      "mode": "managed",
      "type": "aws_s3_bucket",
      "name": "tf-backup",
      "provider": "module.s3-backend.provider[\"registry.terraform.io/hashicorp/aws\"].destination-region",
      "instances": [
        {
          "schema_version": 0,
          "attributes": {
            "acceleration_status": "",
            "acl": null,
            "arn": "arn:aws:s3:::dev-springboot-katya-tf-backup",
            "bucket": "dev-springboot-katya-tf-backup",
            "bucket_domain_name": "dev-springboot-katya-tf-backup.s3.amazonaws.com",
            "bucket_prefix": "",
            "bucket_regional_domain_name": "dev-springboot-katya-tf-backup.s3.us-east-2.amazonaws.com",
            "cors_rule": [],
            "force_destroy": true,
            "grant": [
              {
                "id": "52513cdda510c581b5c3ae12d01c871d25947d26cc2c36ddf35f75cc2f13cf8f",
                "permissions": [
                  "FULL_CONTROL"
                ],
                "type": "CanonicalUser",
                "uri": ""
              }
            ],
            "hosted_zone_id": "Z2O1EMRO9K5GLX",
            "id": "dev-springboot-katya-tf-backup",
            "lifecycle_rule": [],
            "logging": [],
            "object_lock_configuration": [],
            "object_lock_enabled": false,
            "policy": "",
            "region": "us-east-2",
            "replication_configuration": [],
            "request_payer": "BucketOwner",
            "server_side_encryption_configuration": [
              {
                "rule": [
                  {
                    "apply_server_side_encryption_by_default": [
                      {
                        "kms_master_key_id": "",
                        "sse_algorithm": "AES256"
                      }
                    ],
                    "bucket_key_enabled": false
                  }
                ]
              }
            ],
            "tags": {
              "cloud_provider": "aws",
              "company": "EKS",
              "create_by": "Terraform",
              "environment": "dev",
              "id": "2008",
              "owner": "katya",
              "project": "springboot"
            },
            "tags_all": {
              "cloud_provider": "aws",
              "company": "EKS",
              "create_by": "Terraform",
              "environment": "dev",
              "id": "2008",
              "owner": "katya",
              "project": "springboot"
            },
            "timeouts": null,
            "versioning": [
              {
                "enabled": true,
                "mfa_delete": false
              }
            ],
            "website": [],
            "website_domain": null,
            "website_endpoint": null
          },
          "sensitive_attributes": [],
          "private": "eyJlMmJmYjczMC1lY2FhLTExZTYtOGY4OC0zNDM2M2JjN2M0YzAiOnsiY3JlYXRlIjoxMjAwMDAwMDAwMDAwLCJkZWxldGUiOjM2MDAwMDAwMDAwMDAsInJlYWQiOjEyMDAwMDAwMDAwMDAsInVwZGF0ZSI6MTIwMDAwMDAwMDAwMH19"
        }
      ]
    },
    {
      "module": "module.s3-backend",
      "mode": "managed",
      "type": "aws_s3_bucket",
      "name": "tf-state",
      "provider": "module.s3-backend.provider[\"registry.terraform.io/hashicorp/aws\"].source-region",
      "instances": [
        {
          "schema_version": 0,
          "attributes": {
            "acceleration_status": "",
            "acl": null,
            "arn": "arn:aws:s3:::dev-springboot-katya-tf-state",
            "bucket": "dev-springboot-katya-tf-state",
            "bucket_domain_name": "dev-springboot-katya-tf-state.s3.amazonaws.com",
            "bucket_prefix": "",
            "bucket_regional_domain_name": "dev-springboot-katya-tf-state.s3.amazonaws.com",
            "cors_rule": [],
            "force_destroy": true,
            "grant": [
              {
                "id": "52513cdda510c581b5c3ae12d01c871d25947d26cc2c36ddf35f75cc2f13cf8f",
                "permissions": [
                  "FULL_CONTROL"
                ],
                "type": "CanonicalUser",
                "uri": ""
              }
            ],
            "hosted_zone_id": "Z3AQBSTGFYJSTF",
            "id": "dev-springboot-katya-tf-state",
            "lifecycle_rule": [],
            "logging": [],
            "object_lock_configuration": [],
            "object_lock_enabled": false,
            "policy": "",
            "region": "us-east-1",
            "replication_configuration": [],
            "request_payer": "BucketOwner",
            "server_side_encryption_configuration": [
              {
                "rule": [
                  {
                    "apply_server_side_encryption_by_default": [
                      {
                        "kms_master_key_id": "",
                        "sse_algorithm": "AES256"
                      }
                    ],
                    "bucket_key_enabled": false
                  }
                ]
              }
            ],
            "tags": {
              "cloud_provider": "aws",
              "company": "EKS",
              "create_by": "Terraform",
              "environment": "dev",
              "id": "2008",
              "owner": "katya",
              "project": "springboot"
            },
            "tags_all": {
              "cloud_provider": "aws",
              "company": "EKS",
              "create_by": "Terraform",
              "environment": "dev",
              "id": "2008",
              "owner": "katya",
              "project": "springboot"
            },
            "timeouts": null,
            "versioning": [
              {
                "enabled": true,
                "mfa_delete": false
              }
            ],
            "website": [],
            "website_domain": null,
            "website_endpoint": null
          },
          "sensitive_attributes": [],
          "private": "eyJlMmJmYjczMC1lY2FhLTExZTYtOGY4OC0zNDM2M2JjN2M0YzAiOnsiY3JlYXRlIjoxMjAwMDAwMDAwMDAwLCJkZWxldGUiOjM2MDAwMDAwMDAwMDAsInJlYWQiOjEyMDAwMDAwMDAwMDAsInVwZGF0ZSI6MTIwMDAwMDAwMDAwMH19"
        }
      ]
    },
    {
      "module": "module.s3-backend",
      "mode": "managed",
      "type": "aws_s3_bucket_replication_configuration",
      "name": "replication",
      "provider": "provider[\"registry.terraform.io/hashicorp/aws\"]",
      "instances": [
        {
          "schema_version": 0,
          "attributes": {
            "bucket": "dev-springboot-katya-tf-state",
            "id": "dev-springboot-katya-tf-state",
            "role": "arn:aws:iam::494597675232:role/dev-springboot-katya-s3-replication-role",
            "rule": [
              {
                "delete_marker_replication": [],
                "destination": [
                  {
                    "access_control_translation": [],
                    "account": "",
                    "bucket": "arn:aws:s3:::dev-springboot-katya-tf-backup",
                    "encryption_configuration": [],
                    "metrics": [],
                    "replication_time": [],
                    "storage_class": "STANDARD"
                  }
                ],
                "existing_object_replication": [],
                "filter": [],
                "id": "StateReplicationAll",
                "prefix": "",
                "priority": 0,
                "source_selection_criteria": [],
                "status": "Enabled"
              }
            ],
            "token": null
          },
          "sensitive_attributes": [],
          "private": "bnVsbA==",
          "dependencies": [
            "module.s3-backend.aws_iam_role.replication",
            "module.s3-backend.aws_s3_bucket.tf-backup",
            "module.s3-backend.aws_s3_bucket.tf-state"
          ]
        }
      ]
    },
    {
      "module": "module.s3-backend",
      "mode": "managed",
      "type": "aws_s3_bucket_versioning",
      "name": "backup_versioning",
      "provider": "module.s3-backend.provider[\"registry.terraform.io/hashicorp/aws\"].destination-region",
      "instances": [
        {
          "schema_version": 0,
          "attributes": {
            "bucket": "dev-springboot-katya-tf-backup",
            "expected_bucket_owner": "",
            "id": "dev-springboot-katya-tf-backup",
            "mfa": null,
            "versioning_configuration": [
              {
                "mfa_delete": "",
                "status": "Enabled"
              }
            ]
          },
          "sensitive_attributes": [],
          "private": "bnVsbA==",
          "dependencies": [
            "module.s3-backend.aws_s3_bucket.tf-backup"
          ]
        }
      ]
    },
    {
      "module": "module.s3-backend",
      "mode": "managed",
      "type": "aws_s3_bucket_versioning",
      "name": "state_versioning",
      "provider": "module.s3-backend.provider[\"registry.terraform.io/hashicorp/aws\"].source-region",
      "instances": [
        {
          "schema_version": 0,
          "attributes": {
            "bucket": "dev-springboot-katya-tf-state",
            "expected_bucket_owner": "",
            "id": "dev-springboot-katya-tf-state",
            "mfa": null,
            "versioning_configuration": [
              {
                "mfa_delete": "",
                "status": "Enabled"
              }
            ]
          },
          "sensitive_attributes": [],
          "private": "bnVsbA==",
          "dependencies": [
            "module.s3-backend.aws_s3_bucket.tf-state"
          ]
        }
      ]
    }
  ]
}
